# THIS IS AN AUTOGENERATED FILE. DO NOT EDIT THIS FILE DIRECTLY.
# yarn lockfile v1


undici@^5.7.0:
  version "5.8.1"
  resolved "https://registry.yarnpkg.com/undici/-/undici-5.8.1.tgz#511d43ff6be02f84ec2513ae7f4b07c589319272"
  integrity sha512-iDRmWX4Zar/4A/t+1LrKQRm102zw2l9Wgat3LtTlTn8ykvMZmAmpq9tjyHEigx18FsY7IfATvyN3xSw9BDz0eA==

ws@^8.8.0:
  version "8.8.1"
  resolved "https://registry.yarnpkg.com/ws/-/ws-8.8.1.tgz#5dbad0feb7ade8ecc99b830c1d77c913d4955ff0"
  integrity sha512-bGy2JzvzkPowEJV++hF07hAD6niYSr0JzBNo/J29WsB57A2r7Wlc1UFcTR9IzrPvuNVO4B8LGqF8qcpsVOhJCA==
